
Microsoft Visual Studio Solution File, Format Version 12.00
# Visual Studio Version 17
VisualStudioVersion = 17.5.33424.131
MinimumVisualStudioVersion = 10.0.40219.1
Project("{E53339B2-1760-4266-BCC7-CA923CBCF16C}") = "docker-compose", "docker-compose.dcproj", "{B300E628-640B-4E10-B06E-1E2243B1B151}"
EndProject
Project("{9A19103F-16F7-4668-BE54-9A1E7A4F7556}") = "Kafka", "Shared\Kafka\Kafka.csproj", "{AC6DE513-EFF6-411D-8854-0BB351524F06}"
EndProject
Project("{2150E333-8FDC-42A3-9474-1A3956D46DE8}") = "Shared", "Shared", "{2555B47B-C2F7-4FA7-BAB1-04A51213295B}"
EndProject
Project("{2150E333-8FDC-42A3-9474-1A3956D46DE8}") = "Services", "Services", "{B2F6D9F9-AB96-4CBE-B4A3-F9843EB6FBD6}"
EndProject
Project("{9A19103F-16F7-4668-BE54-9A1E7A4F7556}") = "ListenerService", "Services\ListenerService\ListenerService.csproj", "{4E204B8D-4C28-4A3D-8977-85E243F5DD3C}"
EndProject
Project("{9A19103F-16F7-4668-BE54-9A1E7A4F7556}") = "SignalR", "Shared\SignalR\SignalR.csproj", "{2FB45980-9650-495F-9720-B9715BAFBCE9}"
EndProject
Project("{2150E333-8FDC-42A3-9474-1A3956D46DE8}") = "Identity", "Identity", "{A939D1B9-0C12-4205-BEA3-9C28BE09300E}"
EndProject
Project("{9A19103F-16F7-4668-BE54-9A1E7A4F7556}") = "Auth", "Shared\Auth\Auth.csproj", "{5BA67486-3C17-45A6-8604-3E384F1AE6EA}"
EndProject
Project("{9A19103F-16F7-4668-BE54-9A1E7A4F7556}") = "MessageService", "Services\MessageService\MessageService.csproj", "{B0EBF67B-17B3-471E-82C4-05EF08217EFF}"
EndProject
Project("{9A19103F-16F7-4668-BE54-9A1E7A4F7556}") = "Identity.Domain", "Services\Identity\Identity.Domain\Identity.Domain.csproj", "{243F376B-A6B5-4347-ACBC-13F80681120F}"
EndProject
Project("{9A19103F-16F7-4668-BE54-9A1E7A4F7556}") = "Identity.Application", "Services\Identity\Identity.Application\Identity.Application.csproj", "{E8DB86B5-6602-49A8-9472-C9FC11D88A22}"
EndProject
Project("{9A19103F-16F7-4668-BE54-9A1E7A4F7556}") = "Identity.API", "Services\Identity\Identity.API\Identity.API.csproj", "{B2CFACB9-FC2C-4537-8ECA-669734AD752D}"
EndProject
Project("{2150E333-8FDC-42A3-9474-1A3956D46DE8}") = "Message", "Message", "{D34E208F-0834-4E06-8FCC-4CDFFF615F7C}"
EndProject
Project("{FAE04EC0-301F-11D3-BF4B-00C04F79EFBC}") = "Message.Infrastructure", "Services\Message\Message.Infrastructure\Message.Infrastructure.csproj", "{38FDD6A2-4171-47A1-9C41-D81CFF7C6A8C}"
EndProject
Global
	GlobalSection(SolutionConfigurationPlatforms) = preSolution
		Debug|Any CPU = Debug|Any CPU
		Release|Any CPU = Release|Any CPU
	EndGlobalSection
	GlobalSection(ProjectConfigurationPlatforms) = postSolution
		{B300E628-640B-4E10-B06E-1E2243B1B151}.Debug|Any CPU.ActiveCfg = Debug|Any CPU
		{B300E628-640B-4E10-B06E-1E2243B1B151}.Debug|Any CPU.Build.0 = Debug|Any CPU
		{B300E628-640B-4E10-B06E-1E2243B1B151}.Release|Any CPU.ActiveCfg = Release|Any CPU
		{B300E628-640B-4E10-B06E-1E2243B1B151}.Release|Any CPU.Build.0 = Release|Any CPU
		{AC6DE513-EFF6-411D-8854-0BB351524F06}.Debug|Any CPU.ActiveCfg = Debug|Any CPU
		{AC6DE513-EFF6-411D-8854-0BB351524F06}.Debug|Any CPU.Build.0 = Debug|Any CPU
		{AC6DE513-EFF6-411D-8854-0BB351524F06}.Release|Any CPU.ActiveCfg = Release|Any CPU
		{AC6DE513-EFF6-411D-8854-0BB351524F06}.Release|Any CPU.Build.0 = Release|Any CPU
		{4E204B8D-4C28-4A3D-8977-85E243F5DD3C}.Debug|Any CPU.ActiveCfg = Debug|Any CPU
		{4E204B8D-4C28-4A3D-8977-85E243F5DD3C}.Debug|Any CPU.Build.0 = Debug|Any CPU
		{4E204B8D-4C28-4A3D-8977-85E243F5DD3C}.Release|Any CPU.ActiveCfg = Release|Any CPU
		{4E204B8D-4C28-4A3D-8977-85E243F5DD3C}.Release|Any CPU.Build.0 = Release|Any CPU
		{2FB45980-9650-495F-9720-B9715BAFBCE9}.Debug|Any CPU.ActiveCfg = Debug|Any CPU
		{2FB45980-9650-495F-9720-B9715BAFBCE9}.Debug|Any CPU.Build.0 = Debug|Any CPU
		{2FB45980-9650-495F-9720-B9715BAFBCE9}.Release|Any CPU.ActiveCfg = Release|Any CPU
		{2FB45980-9650-495F-9720-B9715BAFBCE9}.Release|Any CPU.Build.0 = Release|Any CPU
		{5BA67486-3C17-45A6-8604-3E384F1AE6EA}.Debug|Any CPU.ActiveCfg = Debug|Any CPU
		{5BA67486-3C17-45A6-8604-3E384F1AE6EA}.Debug|Any CPU.Build.0 = Debug|Any CPU
		{5BA67486-3C17-45A6-8604-3E384F1AE6EA}.Release|Any CPU.ActiveCfg = Release|Any CPU
		{5BA67486-3C17-45A6-8604-3E384F1AE6EA}.Release|Any CPU.Build.0 = Release|Any CPU
		{B0EBF67B-17B3-471E-82C4-05EF08217EFF}.Debug|Any CPU.ActiveCfg = Debug|Any CPU
		{B0EBF67B-17B3-471E-82C4-05EF08217EFF}.Debug|Any CPU.Build.0 = Debug|Any CPU
		{B0EBF67B-17B3-471E-82C4-05EF08217EFF}.Release|Any CPU.ActiveCfg = Release|Any CPU
		{B0EBF67B-17B3-471E-82C4-05EF08217EFF}.Release|Any CPU.Build.0 = Release|Any CPU
		{243F376B-A6B5-4347-ACBC-13F80681120F}.Debug|Any CPU.ActiveCfg = Debug|Any CPU
		{243F376B-A6B5-4347-ACBC-13F80681120F}.Debug|Any CPU.Build.0 = Debug|Any CPU
		{243F376B-A6B5-4347-ACBC-13F80681120F}.Release|Any CPU.ActiveCfg = Release|Any CPU
		{243F376B-A6B5-4347-ACBC-13F80681120F}.Release|Any CPU.Build.0 = Release|Any CPU
		{E8DB86B5-6602-49A8-9472-C9FC11D88A22}.Debug|Any CPU.ActiveCfg = Debug|Any CPU
		{E8DB86B5-6602-49A8-9472-C9FC11D88A22}.Debug|Any CPU.Build.0 = Debug|Any CPU
		{E8DB86B5-6602-49A8-9472-C9FC11D88A22}.Release|Any CPU.ActiveCfg = Release|Any CPU
		{E8DB86B5-6602-49A8-9472-C9FC11D88A22}.Release|Any CPU.Build.0 = Release|Any CPU
		{B2CFACB9-FC2C-4537-8ECA-669734AD752D}.Debug|Any CPU.ActiveCfg = Debug|Any CPU
		{B2CFACB9-FC2C-4537-8ECA-669734AD752D}.Debug|Any CPU.Build.0 = Debug|Any CPU
		{B2CFACB9-FC2C-4537-8ECA-669734AD752D}.Release|Any CPU.ActiveCfg = Release|Any CPU
		{B2CFACB9-FC2C-4537-8ECA-669734AD752D}.Release|Any CPU.Build.0 = Release|Any CPU
		{38FDD6A2-4171-47A1-9C41-D81CFF7C6A8C}.Debug|Any CPU.ActiveCfg = Debug|Any CPU
		{38FDD6A2-4171-47A1-9C41-D81CFF7C6A8C}.Debug|Any CPU.Build.0 = Debug|Any CPU
		{38FDD6A2-4171-47A1-9C41-D81CFF7C6A8C}.Release|Any CPU.ActiveCfg = Release|Any CPU
		{38FDD6A2-4171-47A1-9C41-D81CFF7C6A8C}.Release|Any CPU.Build.0 = Release|Any CPU
	EndGlobalSection
	GlobalSection(SolutionProperties) = preSolution
		HideSolutionNode = FALSE
	EndGlobalSection
	GlobalSection(NestedProjects) = preSolution
		{AC6DE513-EFF6-411D-8854-0BB351524F06} = {2555B47B-C2F7-4FA7-BAB1-04A51213295B}
		{4E204B8D-4C28-4A3D-8977-85E243F5DD3C} = {B2F6D9F9-AB96-4CBE-B4A3-F9843EB6FBD6}
		{2FB45980-9650-495F-9720-B9715BAFBCE9} = {2555B47B-C2F7-4FA7-BAB1-04A51213295B}
		{A939D1B9-0C12-4205-BEA3-9C28BE09300E} = {B2F6D9F9-AB96-4CBE-B4A3-F9843EB6FBD6}
		{5BA67486-3C17-45A6-8604-3E384F1AE6EA} = {2555B47B-C2F7-4FA7-BAB1-04A51213295B}
		{B0EBF67B-17B3-471E-82C4-05EF08217EFF} = {D34E208F-0834-4E06-8FCC-4CDFFF615F7C}
		{243F376B-A6B5-4347-ACBC-13F80681120F} = {A939D1B9-0C12-4205-BEA3-9C28BE09300E}
		{E8DB86B5-6602-49A8-9472-C9FC11D88A22} = {A939D1B9-0C12-4205-BEA3-9C28BE09300E}
		{B2CFACB9-FC2C-4537-8ECA-669734AD752D} = {A939D1B9-0C12-4205-BEA3-9C28BE09300E}
		{D34E208F-0834-4E06-8FCC-4CDFFF615F7C} = {B2F6D9F9-AB96-4CBE-B4A3-F9843EB6FBD6}
		{38FDD6A2-4171-47A1-9C41-D81CFF7C6A8C} = {D34E208F-0834-4E06-8FCC-4CDFFF615F7C}
	EndGlobalSection
	GlobalSection(ExtensibilityGlobals) = postSolution
		SolutionGuid = {39A95AFC-BD5F-47BB-8682-B9CAE928AA9A}
	EndGlobalSection
EndGlobal
